{
  "name": "claim-machinery-api",
  "lockfileVersion": 3,
  "requires": true,
  "packages": {
    "": {
      "dependencies": {
        "conventional-changelog-conventionalcommits": "^10.0.0"
      }
    },
    "node_modules/@conventional-changelog/template": {
      "version": "1.4.0",
      "resolved": "https://registry.npmjs.org/@conventional-changelog/template/-/template-1.4.0.tgz",
      "integrity": "sha512-aalGyl7dbB5PArRebDIX43ZvBlXrYm9uWzGJ26t+4SzJVPsOuvfILGGbw5X4yX7i50YEmJ8zvbiWnqH/AAnZqg==",
      "license": "MIT",
      "engines": {
        "node": ">=22"
      }
    },
    "node_modules/conventional-changelog-conventionalcommits": {
      "version": "10.4.0",
      "resolved": "https://registry.npmjs.org/conventional-changelog-conventionalcommits/-/conventional-changelog-conventionalcommits-10.4.0.tgz",
      "integrity": "sha512-Rriac6ZrAlVm6cy9Bz4NSp+WMHpwNXoPIYex+HjCgduAVUSbnew29DQjQw0C4g9u3HtSYzGiGY+pdBXAZo+4aA==",
      "license": "ISC",
      "dependencies": {
        "@conventional-changelog/template": "^1.4.0"
      },
      "engines": {
        "node": ">=22"
      }
    }
  }
}
